
Microsoft Visual Studio Solution File, Format Version 12.00
# Visual Studio Version 16
VisualStudioVersion = 16.0.29424.173
MinimumVisualStudioVersion = 10.0.40219.1
Project("{FAE04EC0-301F-11D3-BF4B-00C04F79EFBC}") = "Physics", "Physics\Physics.csproj", "{D1EA34D1-4A5B-42C2-9F63-BE7F1781A884}"
EndProject
Global
	GlobalSection(SolutionConfigurationPlatforms) = preSolution
		Debug|Any CPU = Debug|Any CPU
		Release|Any CPU = Release|Any CPU
	EndGlobalSection
	GlobalSection(ProjectConfigurationPlatforms) = postSolution
		{D1EA34D1-4A5B-42C2-9F63-BE7F1781A884}.Debug|Any CPU.ActiveCfg = Debug|Any CPU
		{D1EA34D1-4A5B-42C2-9F63-BE7F1781A884}.Debug|Any CPU.Build.0 = Debug|Any CPU
		{D1EA34D1-4A5B-42C2-9F63-BE7F1781A884}.Release|Any CPU.ActiveCfg = Release|Any CPU
		{D1EA34D1-4A5B-42C2-9F63-BE7F1781A884}.Release|Any CPU.Build.0 = Release|Any CPU
	EndGlobalSection
	GlobalSection(SolutionProperties) = preSolution
		HideSolutionNode = FALSE
	EndGlobalSection
	GlobalSection(ExtensibilityGlobals) = postSolution
		SolutionGuid = {193F0B6D-120D-421B-AFDE-12062F484044}
	EndGlobalSection
EndGlobal
